{
  "name": "herzblende-booking",
  "version": "1.0.0",
  "lockfileVersion": 3,
  "requires": true,
  "packages": {
    "": {
      "name": "herzblende-booking",
      "version": "1.0.0",
      "dependencies": {
        "nodemailer": "10.0.0",
        "stripe": "22.6.1"
      },
      "engines": {
        "node": ">=24.16.0"
      }
    },
    "node_modules/nodemailer": {
      "version": "10.0.0",
      "resolved": "https://registry.npmjs.org/nodemailer/-/nodemailer-10.0.0.tgz",
      "integrity": "sha512-wdv+hXBg0iIPIOf108FaZyTxqjQpCvQeAJt9pHHTooPy/y3vQtI9eiImM9AIVKR3e/0FeMA1oueNfBjFJcaK+Q==",
      "license": "MIT-0",
      "engines": {
        "node": ">=20.0.0"
      }
    },
    "node_modules/stripe": {
      "version": "22.6.1",
      "resolved": "https://registry.npmjs.org/stripe/-/stripe-22.6.1.tgz",
      "integrity": "sha512-hAKSkGeVt2u46TRYhmnvwmVHxBNtOCJnPjc+SH5sP2B2ypElYzAAY3Ljx0Ar8C2w8nfpFQiZ95qoDCDsFkXMTA==",
      "license": "MIT",
      "engines": {
        "node": ">=18"
      },
      "peerDependencies": {
        "@types/node": ">=18"
      },
      "peerDependenciesMeta": {
        "@types/node": {
          "optional": true
        }
      }
    }
  }
}
